// !$*UTF8*$!
{
	archiveVersion = 1;
	classes = {
	};
	objectVersion = 50;
	objects = {

/* Begin PBXBuildFile section */
		5691E07026C6C125004C04B3 /* AppDelegate.swift in Sources */ = {isa = PBXBuildFile; fileRef = 5691E06F26C6C125004C04B3 /* AppDelegate.swift */; };
		5691E07226C6C125004C04B3 /* SceneDelegate.swift in Sources */ = {isa = PBXBuildFile; fileRef = 5691E07126C6C125004C04B3 /* SceneDelegate.swift */; };
		5691E07426C6C125004C04B3 /* ViewController.swift in Sources */ = {isa = PBXBuildFile; fileRef = 5691E07326C6C125004C04B3 /* ViewController.swift */; };
		5691E07726C6C125004C04B3 /* Main.storyboard in Resources */ = {isa = PBXBuildFile; fileRef = 5691E07526C6C125004C04B3 /* Main.storyboard */; };
		5691E07926C6C12F004C04B3 /* Assets.xcassets in Resources */ = {isa = PBXBuildFile; fileRef = 5691E07826C6C12F004C04B3 /* Assets.xcassets */; };
		5691E07C26C6C12F004C04B3 /* LaunchScreen.storyboard in Resources */ = {isa = PBXBuildFile; fileRef = 5691E07A26C6C12F004C04B3 /* LaunchScreen.storyboard */; };
		5691E08726C6C12F004C04B3 /* covid_taskTests.swift in Sources */ = {isa = PBXBuildFile; fileRef = 5691E08626C6C12F004C04B3 /* covid_taskTests.swift */; };
		5691E09226C6C12F004C04B3 /* covid_taskUITests.swift in Sources */ = {isa = PBXBuildFile; fileRef = 5691E09126C6C12F004C04B3 /* covid_taskUITests.swift */; };
/* End PBXBuildFile section */

/* Begin PBXContainerItemProxy section */
		5691E08326C6C12F004C04B3 /* PBXContainerItemProxy */ = {
			isa = PBXContainerItemProxy;
			containerPortal = 5691E06426C6C124004C04B3 /* Project object */;
			proxyType = 1;
			remoteGlobalIDString = 5691E06B26C6C124004C04B3;
			remoteInfo = "covid-task";
		};
		5691E08E26C6C12F004C04B3 /* PBXContainerItemProxy */ = {
			isa = PBXContainerItemProxy;
			containerPortal = 5691E06426C6C124004C04B3 /* Project object */;
			proxyType = 1;
			remoteGlobalIDString = 5691E06B26C6C124004C04B3;
			remoteInfo = "covid-task";
		};
/* End PBXContainerItemProxy section */

/* Begin PBXFileReference section */
		5691E06C26C6C124004C04B3 /* covid-task.app */ = {isa = PBXFileReference; explicitFileType = wrapper.application; includeInIndex = 0; path = "covid-task.app"; sourceTree = BUILT_PRODUCTS_DIR; };
		5691E06F26C6C125004C04B3 /* AppDelegate.swift */ = {isa = PBXFileReference; lastKnownFileType = sourcecode.swift; path = AppDelegate.swift; sourceTree = "<group>"; };
		5691E07126C6C125004C04B3 /* SceneDelegate.swift */ = {isa = PBXFileReference; lastKnownFileType = sourcecode.swift; path = SceneDelegate.swift; sourceTree = "<group>"; };
		5691E07326C6C125004C04B3 /* ViewController.swift */ = {isa = PBXFileReference; lastKnownFileType = sourcecode.swift; path = ViewController.swift; sourceTree = "<group>"; };
		5691E07626C6C125004C04B3 /* Base */ = {isa = PBXFileReference; lastKnownFileType = file.storyboard; name = Base; path = Base.lproj/Main.storyboard; sourceTree = "<group>"; };
		5691E07826C6C12F004C04B3 /* Assets.xcassets */ = {isa = PBXFileReference; lastKnownFileType = folder.assetcatalog; path = Assets.xcassets; sourceTree = "<group>"; };
		5691E07B26C6C12F004C04B3 /* Base */ = {isa = PBXFileReference; lastKnownFileType = file.storyboard; name = Base; path = Base.lproj/LaunchScreen.storyboard; sourceTree = "<group>"; };
		5691E07D26C6C12F004C04B3 /* Info.plist */ = {isa = PBXFileReference; lastKnownFileType = text.plist.xml; path = Info.plist; sourceTree = "<group>"; };
		5691E08226C6C12F004C04B3 /* covid-taskTests.xctest */ = {isa = PBXFileReference; explicitFileType = wrapper.cfbundle; includeInIndex = 0; path = "covid-taskTests.xctest"; sourceTree = BUILT_PRODUCTS_DIR; };
		5691E08626C6C12F004C04B3 /* covid_taskTests.swift */ = {isa = PBXFileReference; lastKnownFileType = sourcecode.swift; path = covid_taskTests.swift; sourceTree = "<group>"; };
		5691E08826C6C12F004C04B3 /* Info.plist */ = {isa = PBXFileReference; lastKnownFileType = text.plist.xml; path = Info.plist; sourceTree = "<group>"; };
		5691E08D26C6C12F004C04B3 /* covid-taskUITests.xctest */ = {isa = PBXFileReference; explicitFileType = wrapper.cfbundle; includeInIndex = 0; path = "covid-taskUITests.xctest"; sourceTree = BUILT_PRODUCTS_DIR; };
		5691E09126C6C12F004C04B3 /* covid_taskUITests.swift */ = {isa = PBXFileReference; lastKnownFileType = sourcecode.swift; path = covid_taskUITests.swift; sourceTree = "<group>"; };
		5691E09326C6C12F004C04B3 /* Info.plist */ = {isa = PBXFileReference; lastKnownFileType = text.plist.xml; path = Info.plist; sourceTree = "<group>"; };
/* End PBXFileReference section */

/* Begin PBXFrameworksBuildPhase section */
		5691E06926C6C124004C04B3 /* Frameworks */ = {
			isa = PBXFrameworksBuildPhase;
			buildActionMask = 2147483647;
			files = (
			);
			runOnlyForDeploymentPostprocessing = 0;
		};
		5691E07F26C6C12F004C04B3 /* Frameworks */ = {
			isa = PBXFrameworksBuildPhase;
			buildActionMask = 2147483647;
			files = (
			);
			runOnlyForDeploymentPostprocessing = 0;
		};
		5691E08A26C6C12F004C04B3 /* Frameworks */ = {
			isa = PBXFrameworksBuildPhase;
			buildActionMask = 2147483647;
			files = (
			);
			runOnlyForDeploymentPostprocessing = 0;
		};
/* End PBXFrameworksBuildPhase section */

/* Begin PBXGroup section */
		5691E06326C6C124004C04B3 = {
			isa = PBXGroup;
			children = (
				5691E06E26C6C125004C04B3 /* covid-task */,
				5691E08526C6C12F004C04B3 /* covid-taskTests */,
				5691E09026C6C12F004C04B3 /* covid-taskUITests */,
				5691E06D26C6C124004C04B3 /* Products */,
			);
			sourceTree = "<group>";
		};
		5691E06D26C6C124004C04B3 /* Products */ = {
			isa = PBXGroup;
			children = (
				5691E06C26C6C124004C04B3 /* covid-task.app */,
				5691E08226C6C12F004C04B3 /* covid-taskTests.xctest */,
				5691E08D26C6C12F004C04B3 /* covid-taskUITests.xctest */,
			);
			name = Products;
			sourceTree = "<group>";
		};
		5691E06E26C6C125004C04B3 /* covid-task */ = {
			isa = PBXGroup;
			children = (
				5691E06F26C6C125004C04B3 /* AppDelegate.swift */,
				5691E07126C6C125004C04B3 /* SceneDelegate.swift */,
				5691E07326C6C125004C04B3 /* ViewController.swift */,
				5691E07526C6C125004C04B3 /* Main.storyboard */,
				5691E07826C6C12F004C04B3 /* Assets.xcassets */,
				5691E07A26C6C12F004C04B3 /* LaunchScreen.storyboard */,
				5691E07D26C6C12F004C04B3 /* Info.plist */,
			);
			path = "covid-task";
			sourceTree = "<group>";
		};
		5691E08526C6C12F004C04B3 /* covid-taskTests */ = {
			isa = PBXGroup;
			children = (
				5691E08626C6C12F004C04B3 /* covid_taskTests.swift */,
				5691E08826C6C12F004C04B3 /* Info.plist */,
			);
			path = "covid-taskTests";
			sourceTree = "<group>";
		};
		5691E09026C6C12F004C04B3 /* covid-taskUITests */ = {
			isa = PBXGroup;
			children = (
				5691E09126C6C12F004C04B3 /* covid_taskUITests.swift */,
				5691E09326C6C12F004C04B3 /* Info.plist */,
			);
			path = "covid-taskUITests";
			sourceTree = "<group>";
		};
/* End PBXGroup section */

/* Begin PBXNativeTarget section */
		5691E06B26C6C124004C04B3 /* covid-task */ = {
			isa = PBXNativeTarget;
			buildConfigurationList = 5691E09626C6C12F004C04B3 /* Build configuration list for PBXNativeTarget "covid-task" */;
			buildPhases = (
				5691E06826C6C124004C04B3 /* Sources */,
				5691E06926C6C124004C04B3 /* Frameworks */,
				5691E06A26C6C124004C04B3 /* Resources */,
			);
			buildRules = (
			);
			dependencies = (
			);
			name = "covid-task";
			productName = "covid-task";
			productReference = 5691E06C26C6C124004C04B3 /* covid-task.app */;
			productType = "com.apple.product-type.application";
		};
		5691E08126C6C12F004C04B3 /* covid-taskTests */ = {
			isa = PBXNativeTarget;
			buildConfigurationList = 5691E09926C6C12F004C04B3 /* Build configuration list for PBXNativeTarget "covid-taskTests" */;
			buildPhases = (
				5691E07E26C6C12F004C04B3 /* Sources */,
				5691E07F26C6C12F004C04B3 /* Frameworks */,
				5691E08026C6C12F004C04B3 /* Resources */,
			);
			buildRules = (
			);
			dependencies = (
				5691E08426C6C12F004C04B3 /* PBXTargetDependency */,
			);
			name = "covid-taskTests";
			productName = "covid-taskTests";
			productReference = 5691E08226C6C12F004C04B3 /* covid-taskTests.xctest */;
			productType = "com.apple.product-type.bundle.unit-test";
		};
		5691E08C26C6C12F004C04B3 /* covid-taskUITests */ = {
			isa = PBXNativeTarget;
			buildConfigurationList = 5691E09C26C6C12F004C04B3 /* Build configuration list for PBXNativeTarget "covid-taskUITests" */;
			buildPhases = (
				5691E08926C6C12F004C04B3 /* Sources */,
				5691E08A26C6C12F004C04B3 /* Frameworks */,
				5691E08B26C6C12F004C04B3 /* Resources */,
			);
			buildRules = (
			);
			dependencies = (
				5691E08F26C6C12F004C04B3 /* PBXTargetDependency */,
			);
			name = "covid-taskUITests";
			productName = "covid-taskUITests";
			productReference = 5691E08D26C6C12F004C04B3 /* covid-taskUITests.xctest */;
			productType = "com.apple.product-type.bundle.ui-testing";
		};
/* End PBXNativeTarget section */

/* Begin PBXProject section */
		5691E06426C6C124004C04B3 /* Project object */ = {
			isa = PBXProject;
			attributes = {
				LastSwiftUpdateCheck = 1150;
				LastUpgradeCheck = 1150;
				ORGANIZATIONNAME = "Eslam Wael";
				TargetAttributes = {
					5691E06B26C6C124004C04B3 = {
						CreatedOnToolsVersion = 11.5;
					};
					5691E08126C6C12F004C04B3 = {
						CreatedOnToolsVersion = 11.5;
						TestTargetID = 5691E06B26C6C124004C04B3;
					};
					5691E08C26C6C12F004C04B3 = {
						CreatedOnToolsVersion = 11.5;
						TestTargetID = 5691E06B26C6C124004C04B3;
					};
				};
			};
			buildConfigurationList = 5691E06726C6C124004C04B3 /* Build configuration list for PBXProject "covid-task" */;
			compatibilityVersion = "Xcode 9.3";
			developmentRegion = en;
			hasScannedForEncodings = 0;
			knownRegions = (
				en,
				Base,
			);
			mainGroup = 5691E06326C6C124004C04B3;
			productRefGroup = 5691E06D26C6C124004C04B3 /* Products */;
			projectDirPath = "";
			projectRoot = "";
			targets = (
				5691E06B26C6C124004C04B3 /* covid-task */,
				5691E08126C6C12F004C04B3 /* covid-taskTests */,
				5691E08C26C6C12F004C04B3 /* covid-taskUITests */,
			);
		};
/* End PBXProject section */

/* Begin PBXResourcesBuildPhase section */
		5691E06A26C6C124004C04B3 /* Resources */ = {
			isa = PBXResourcesBuildPhase;
			buildActionMask = 2147483647;
			files = (
				5691E07C26C6C12F004C04B3 /* LaunchScreen.storyboard in Resources */,
				5691E07926C6C12F004C04B3 /* Assets.xcassets in Resources */,
				5691E07726C6C125004C04B3 /* Main.storyboard in Resources */,
			);
			runOnlyForDeploymentPostprocessing = 0;
		};
		5691E08026C6C12F004C04B3 /* Resources */ = {
			isa = PBXResourcesBuildPhase;
			buildActionMask = 2147483647;
			files = (
			);
			runOnlyForDeploymentPostprocessing = 0;
		};
		5691E08B26C6C12F004C04B3 /* Resources */ = {
			isa = PBXResourcesBuildPhase;
			buildActionMask = 2147483647;
			files = (
			);
			runOnlyForDeploymentPostprocessing = 0;
		};
/* End PBXResourcesBuildPhase section */

/* Begin PBXSourcesBuildPhase section */
		5691E06826C6C124004C04B3 /* Sources */ = {
			isa = PBXSourcesBuildPhase;
			buildActionMask = 2147483647;
			files = (
				5691E07426C6C125004C04B3 /* ViewController.swift in Sources */,
				5691E07026C6C125004C04B3 /* AppDelegate.swift in Sources */,
				5691E07226C6C125004C04B3 /* SceneDelegate.swift in Sources */,
			);
			runOnlyForDeploymentPostprocessing = 0;
		};
		5691E07E26C6C12F004C04B3 /* Sources */ = {
			isa = PBXSourcesBuildPhase;
			buildActionMask = 2147483647;
			files = (
				5691E08726C6C12F004C04B3 /* covid_taskTests.swift in Sources */,
			);
			runOnlyForDeploymentPostprocessing = 0;
		};
		5691E08926C6C12F004C04B3 /* Sources */ = {
			isa = PBXSourcesBuildPhase;
			buildActionMask = 2147483647;
			files = (
				5691E09226C6C12F004C04B3 /* covid_taskUITests.swift in Sources */,
			);
			runOnlyForDeploymentPostprocessing = 0;
		};
/* End PBXSourcesBuildPhase section */

/* Begin PBXTargetDependency section */
		5691E08426C6C12F004C04B3 /* PBXTargetDependency */ = {
			isa = PBXTargetDependency;
			target = 5691E06B26C6C124004C04B3 /* covid-task */;
			targetProxy = 5691E08326C6C12F004C04B3 /* PBXContainerItemProxy */;
		};
		5691E08F26C6C12F004C04B3 /* PBXTargetDependency */ = {
			isa = PBXTargetDependency;
			target = 5691E06B26C6C124004C04B3 /* covid-task */;
			targetProxy = 5691E08E26C6C12F004C04B3 /* PBXContainerItemProxy */;
		};
/* End PBXTargetDependency section */

/* Begin PBXVariantGroup section */
		5691E07526C6C125004C04B3 /* Main.storyboard */ = {
			isa = PBXVariantGroup;
			children = (
				5691E07626C6C125004C04B3 /* Base */,
			);
			name = Main.storyboard;
			sourceTree = "<group>";
		};
		5691E07A26C6C12F004C04B3 /* LaunchScreen.storyboard */ = {
			isa = PBXVariantGroup;
			children = (
				5691E07B26C6C12F004C04B3 /* Base */,
			);
			name = LaunchScreen.storyboard;
			sourceTree = "<group>";
		};
/* End PBXVariantGroup section */

/* Begin XCBuildConfiguration section */
		5691E09426C6C12F004C04B3 /* Debug */ = {
			isa = XCBuildConfiguration;
			buildSettings = {
				ALWAYS_SEARCH_USER_PATHS = NO;
				CLANG_ANALYZER_NONNULL = YES;
				CLANG_ANALYZER_NUMBER_OBJECT_CONVERSION = YES_AGGRESSIVE;
				CLANG_CXX_LANGUAGE_STANDARD = "gnu++14";
				CLANG_CXX_LIBRARY = "libc++";
				CLANG_ENABLE_MODULES = YES;
				CLANG_ENABLE_OBJC_ARC = YES;
				CLANG_ENABLE_OBJC_WEAK = YES;
				CLANG_WARN_BLOCK_CAPTURE_AUTORELEASING = YES;
				CLANG_WARN_BOOL_CONVERSION = YES;
				CLANG_WARN_COMMA = YES;
				CLANG_WARN_CONSTANT_CONVERSION = YES;
				CLANG_WARN_DEPRECATED_OBJC_IMPLEMENTATIONS = YES;
				CLANG_WARN_DIRECT_OBJC_ISA_USAGE = YES_ERROR;
				CLANG_WARN_DOCUMENTATION_COMMENTS = YES;
				CLANG_WARN_EMPTY_BODY = YES;
				CLANG_WARN_ENUM_CONVERSION = YES;
				CLANG_WARN_INFINITE_RECURSION = YES;
				CLANG_WARN_INT_CONVERSION = YES;
				CLANG_WARN_NON_LITERAL_NULL_CONVERSION = YES;
				CLANG_WARN_OBJC_IMPLICIT_RETAIN_SELF = YES;
				CLANG_WARN_OBJC_LITERAL_CONVERSION = YES;
				CLANG_WARN_OBJC_ROOT_CLASS = YES_ERROR;
				CLANG_WARN_RANGE_LOOP_ANALYSIS = YES;
				CLANG_WARN_STRICT_PROTOTYPES = YES;
				CLANG_WARN_SUSPICIOUS_MOVE = YES;
				CLANG_WARN_UNGUARDED_AVAILABILITY = YES_AGGRESSIVE;
				CLANG_WARN_UNREACHABLE_CODE = YES;
				CLANG_WARN__DUPLICATE_METHOD_MATCH = YES;
				COPY_PHASE_STRIP = NO;
				DEBUG_INFORMATION_FORMAT = dwarf;
				ENABLE_STRICT_OBJC_MSGSEND = YES;
				ENABLE_TESTABILITY = YES;
				GCC_C_LANGUAGE_STANDARD = gnu11;
				GCC_DYNAMIC_NO_PIC = NO;
				GCC_NO_COMMON_BLOCKS = YES;
				GCC_OPTIMIZATION_LEVEL = 0;
				GCC_PREPROCESSOR_DEFINITIONS = (
					"DEBUG=1",
					"$(inherited)",
				);
				GCC_WARN_64_TO_32_BIT_CONVERSION = YES;
				GCC_WARN_ABOUT_RETURN_TYPE = YES_ERROR;
				GCC_WARN_UNDECLARED_SELECTOR = YES;
				GCC_WARN_UNINITIALIZED_AUTOS = YES_AGGRESSIVE;
				GCC_WARN_UNUSED_FUNCTION = YES;
				GCC_WARN_UNUSED_VARIABLE = YES;
				IPHONEOS_DEPLOYMENT_TARGET = 13.5;
				MTL_ENABLE_DEBUG_INFO = INCLUDE_SOURCE;
				MTL_FAST_MATH = YES;
				ONLY_ACTIVE_ARCH = YES;
				SDKROOT = iphoneos;
				SWIFT_ACTIVE_COMPILATION_CONDITIONS = DEBUG;
				SWIFT_OPTIMIZATION_LEVEL = "-Onone";
			};
			name = Debug;
		};
		5691E09526C6C12F004C04B3 /* Release */ = {
			isa = XCBuildConfiguration;
			buildSettings = {
				ALWAYS_SEARCH_USER_PATHS = NO;
				CLANG_ANALYZER_NONNULL = YES;
				CLANG_ANALYZER_NUMBER_OBJECT_CONVERSION = YES_AGGRESSIVE;
				CLANG_CXX_LANGUAGE_STANDARD = "gnu++14";
				CLANG_CXX_LIBRARY = "libc++";
				CLANG_ENABLE_MODULES = YES;
				CLANG_ENABLE_OBJC_ARC = YES;
				CLANG_ENABLE_OBJC_WEAK = YES;
				CLANG_WARN_BLOCK_CAPTURE_AUTORELEASING = YES;
				CLANG_WARN_BOOL_CONVERSION = YES;
				CLANG_WARN_COMMA = YES;
				CLANG_WARN_CONSTANT_CONVERSION = YES;
				CLANG_WARN_DEPRECATED_OBJC_IMPLEMENTATIONS = YES;
				CLANG_WARN_DIRECT_OBJC_ISA_USAGE = YES_ERROR;
				CLANG_WARN_DOCUMENTATION_COMMENTS = YES;
				CLANG_WARN_EMPTY_BODY = YES;
				CLANG_WARN_ENUM_CONVERSION = YES;
				CLANG_WARN_INFINITE_RECURSION = YES;
				CLANG_WARN_INT_CONVERSION = YES;
				CLANG_WARN_NON_LITERAL_NULL_CONVERSION = YES;
				CLANG_WARN_OBJC_IMPLICIT_RETAIN_SELF = YES;
				CLANG_WARN_OBJC_LITERAL_CONVERSION = YES;
				CLANG_WARN_OBJC_ROOT_CLASS = YES_ERROR;
				CLANG_WARN_RANGE_LOOP_ANALYSIS = YES;
				CLANG_WARN_STRICT_PROTOTYPES = YES;
				CLANG_WARN_SUSPICIOUS_MOVE = YES;
				CLANG_WARN_UNGUARDED_AVAILABILITY = YES_AGGRESSIVE;
				CLANG_WARN_UNREACHABLE_CODE = YES;
				CLANG_WARN__DUPLICATE_METHOD_MATCH = YES;
				COPY_PHASE_STRIP = NO;
				DEBUG_INFORMATION_FORMAT = "dwarf-with-dsym";
				ENABLE_NS_ASSERTIONS = NO;
				ENABLE_STRICT_OBJC_MSGSEND = YES;
				GCC_C_LANGUAGE_STANDARD = gnu11;
				GCC_NO_COMMON_BLOCKS = YES;
				GCC_WARN_64_TO_32_BIT_CONVERSION = YES;
				GCC_WARN_ABOUT_RETURN_TYPE = YES_ERROR;
				GCC_WARN_UNDECLARED_SELECTOR = YES;
				GCC_WARN_UNINITIALIZED_AUTOS = YES_AGGRESSIVE;
				GCC_WARN_UNUSED_FUNCTION = YES;
				GCC_WARN_UNUSED_VARIABLE = YES;
				IPHONEOS_DEPLOYMENT_TARGET = 13.5;
				MTL_ENABLE_DEBUG_INFO = NO;
				MTL_FAST_MATH = YES;
				SDKROOT = iphoneos;
				SWIFT_COMPILATION_MODE = wholemodule;
				SWIFT_OPTIMIZATION_LEVEL = "-O";
				VALIDATE_PRODUCT = YES;
			};
			name = Release;
		};
		5691E09726C6C12F004C04B3 /* Debug */ = {
			isa = XCBuildConfiguration;
			buildSettings = {
				ASSETCATALOG_COMPILER_APPICON_NAME = AppIcon;
				CODE_SIGN_STYLE = Automatic;
				INFOPLIST_FILE = "covid-task/Info.plist";
				LD_RUNPATH_SEARCH_PATHS = (
					"$(inherited)",
					"@executable_path/Frameworks",
				);
				PRODUCT_BUNDLE_IDENTIFIER = "eslamwael74.covid-task";
				PRODUCT_NAME = "$(TARGET_NAME)";
				SWIFT_VERSION = 5.0;
				TARGETED_DEVICE_FAMILY = "1,2";
			};
			name = Debug;
		};
		5691E09826C6C12F004C04B3 /* Release */ = {
			isa = XCBuildConfiguration;
			buildSettings = {
				ASSETCATALOG_COMPILER_APPICON_NAME = AppIcon;
				CODE_SIGN_STYLE = Automatic;
				INFOPLIST_FILE = "covid-task/Info.plist";
				LD_RUNPATH_SEARCH_PATHS = (
					"$(inherited)",
					"@executable_path/Frameworks",
				);
				PRODUCT_BUNDLE_IDENTIFIER = "eslamwael74.covid-task";
				PRODUCT_NAME = "$(TARGET_NAME)";
				SWIFT_VERSION = 5.0;
				TARGETED_DEVICE_FAMILY = "1,2";
			};
			name = Release;
		};
		5691E09A26C6C12F004C04B3 /* Debug */ = {
			isa = XCBuildConfiguration;
			buildSettings = {
				ALWAYS_EMBED_SWIFT_STANDARD_LIBRARIES = YES;
				BUNDLE_LOADER = "$(TEST_HOST)";
				CODE_SIGN_STYLE = Automatic;
				INFOPLIST_FILE = "covid-taskTests/Info.plist";
				IPHONEOS_DEPLOYMENT_TARGET = 13.5;
				LD_RUNPATH_SEARCH_PATHS = (
					"$(inherited)",
					"@executable_path/Frameworks",
					"@loader_path/Frameworks",
				);
				PRODUCT_BUNDLE_IDENTIFIER = "eslamwael74.covid-taskTests";
				PRODUCT_NAME = "$(TARGET_NAME)";
				SWIFT_VERSION = 5.0;
				TARGETED_DEVICE_FAMILY = "1,2";
				TEST_HOST = "$(BUILT_PRODUCTS_DIR)/covid-task.app/covid-task";
			};
			name = Debug;
		};
		5691E09B26C6C12F004C04B3 /* Release */ = {
			isa = XCBuildConfiguration;
			buildSettings = {
				ALWAYS_EMBED_SWIFT_STANDARD_LIBRARIES = YES;
				BUNDLE_LOADER = "$(TEST_HOST)";
				CODE_SIGN_STYLE = Automatic;
				INFOPLIST_FILE = "covid-taskTests/Info.plist";
				IPHONEOS_DEPLOYMENT_TARGET = 13.5;
				LD_RUNPATH_SEARCH_PATHS = (
					"$(inherited)",
					"@executable_path/Frameworks",
					"@loader_path/Frameworks",
				);
				PRODUCT_BUNDLE_IDENTIFIER = "eslamwael74.covid-taskTests";
				PRODUCT_NAME = "$(TARGET_NAME)";
				SWIFT_VERSION = 5.0;
				TARGETED_DEVICE_FAMILY = "1,2";
				TEST_HOST = "$(BUILT_PRODUCTS_DIR)/covid-task.app/covid-task";
			};
			name = Release;
		};
		5691E09D26C6C12F004C04B3 /* Debug */ = {
			isa = XCBuildConfiguration;
			buildSettings = {
				ALWAYS_EMBED_SWIFT_STANDARD_LIBRARIES = YES;
				CODE_SIGN_STYLE = Automatic;
				INFOPLIST_FILE = "covid-taskUITests/Info.plist";
				LD_RUNPATH_SEARCH_PATHS = (
					"$(inherited)",
					"@executable_path/Frameworks",
					"@loader_path/Frameworks",
				);
				PRODUCT_BUNDLE_IDENTIFIER = "eslamwael74.covid-taskUITests";
				PRODUCT_NAME = "$(TARGET_NAME)";
				SWIFT_VERSION = 5.0;
				TARGETED_DEVICE_FAMILY = "1,2";
				TEST_TARGET_NAME = "covid-task";
			};
			name = Debug;
		};
		5691E09E26C6C12F004C04B3 /* Release */ = {
			isa = XCBuildConfiguration;
			buildSettings = {
				ALWAYS_EMBED_SWIFT_STANDARD_LIBRARIES = YES;
				CODE_SIGN_STYLE = Automatic;
				INFOPLIST_FILE = "covid-taskUITests/Info.plist";
				LD_RUNPATH_SEARCH_PATHS = (
					"$(inherited)",
					"@executable_path/Frameworks",
					"@loader_path/Frameworks",
				);
				PRODUCT_BUNDLE_IDENTIFIER = "eslamwael74.covid-taskUITests";
				PRODUCT_NAME = "$(TARGET_NAME)";
				SWIFT_VERSION = 5.0;
				TARGETED_DEVICE_FAMILY = "1,2";
				TEST_TARGET_NAME = "covid-task";
			};
			name = Release;
		};
/* End XCBuildConfiguration section */

/* Begin XCConfigurationList section */
		5691E06726C6C124004C04B3 /* Build configuration list for PBXProject "covid-task" */ = {
			isa = XCConfigurationList;
			buildConfigurations = (
				5691E09426C6C12F004C04B3 /* Debug */,
				5691E09526C6C12F004C04B3 /* Release */,
			);
			defaultConfigurationIsVisible = 0;
			defaultConfigurationName = Release;
		};
		5691E09626C6C12F004C04B3 /* Build configuration list for PBXNativeTarget "covid-task" */ = {
			isa = XCConfigurationList;
			buildConfigurations = (
				5691E09726C6C12F004C04B3 /* Debug */,
				5691E09826C6C12F004C04B3 /* Release */,
			);
			defaultConfigurationIsVisible = 0;
			defaultConfigurationName = Release;
		};
		5691E09926C6C12F004C04B3 /* Build configuration list for PBXNativeTarget "covid-taskTests" */ = {
			isa = XCConfigurationList;
			buildConfigurations = (
				5691E09A26C6C12F004C04B3 /* Debug */,
				5691E09B26C6C12F004C04B3 /* Release */,
			);
			defaultConfigurationIsVisible = 0;
			defaultConfigurationName = Release;
		};
		5691E09C26C6C12F004C04B3 /* Build configuration list for PBXNativeTarget "covid-taskUITests" */ = {
			isa = XCConfigurationList;
			buildConfigurations = (
				5691E09D26C6C12F004C04B3 /* Debug */,
				5691E09E26C6C12F004C04B3 /* Release */,
			);
			defaultConfigurationIsVisible = 0;
			defaultConfigurationName = Release;
		};
/* End XCConfigurationList section */
	};
	rootObject = 5691E06426C6C124004C04B3 /* Project object */;
}
